// !$*UTF8*$!
{
   archiveVersion = "1";
   objectVersion = "46";
   objects = {
      "OBJ_1" = {
         isa = "PBXProject";
         attributes = {
            LastSwiftMigration = "9999";
            LastUpgradeCheck = "9999";
         };
         buildConfigurationList = "OBJ_2";
         compatibilityVersion = "Xcode 3.2";
         developmentRegion = "en";
         hasScannedForEncodings = "0";
         knownRegions = (
            "en"
         );
         mainGroup = "OBJ_5";
         productRefGroup = "OBJ_241";
         projectDirPath = ".";
         targets = (
            "PublisherKit::PublisherKit",
            "PublisherKit::PublisherKitHelpers",
            "PublisherKit::SwiftPMPackageDescription",
            "PublisherKit::PublisherKitPackageTests::ProductTarget",
            "PublisherKit::PublisherKitTests"
         );
      };
      "OBJ_10" = {
         isa = "PBXFileReference";
         path = "Abstract Combine Latest.swift";
         sourceTree = "<group>";
      };
      "OBJ_100" = {
         isa = "PBXFileReference";
         path = "Drop.swift";
         sourceTree = "<group>";
      };
      "OBJ_101" = {
         isa = "PBXGroup";
         children = (
            "OBJ_102"
         );
         name = "Empty";
         path = "Empty";
         sourceTree = "<group>";
      };
      "OBJ_102" = {
         isa = "PBXFileReference";
         path = "Empty Publisher.swift";
         sourceTree = "<group>";
      };
      "OBJ_103" = {
         isa = "PBXGroup";
         children = (
            "OBJ_104"
         );
         name = "Encode";
         path = "Encode";
         sourceTree = "<group>";
      };
      "OBJ_104" = {
         isa = "PBXFileReference";
         path = "Encode.swift";
         sourceTree = "<group>";
      };
      "OBJ_105" = {
         isa = "PBXGroup";
         children = (
            "OBJ_106"
         );
         name = "Fail";
         path = "Fail";
         sourceTree = "<group>";
      };
      "OBJ_106" = {
         isa = "PBXFileReference";
         path = "Fail.swift";
         sourceTree = "<group>";
      };
      "OBJ_107" = {
         isa = "PBXGroup";
         children = (
            "OBJ_108",
            "OBJ_109"
         );
         name = "Filter";
         path = "Filter";
         sourceTree = "<group>";
      };
      "OBJ_108" = {
         isa = "PBXFileReference";
         path = "Filter.swift";
         sourceTree = "<group>";
      };
      "OBJ_109" = {
         isa = "PBXFileReference";
         path = "Try Filter.swift";
         sourceTree = "<group>";
      };
      "OBJ_11" = {
         isa = "PBXGroup";
         children = (
            "OBJ_12"
         );
         name = "Abstract Zip";
         path = "Abstract Zip";
         sourceTree = "<group>";
      };
      "OBJ_110" = {
         isa = "PBXGroup";
         children = (
            "OBJ_111"
         );
         name = "Flat Map";
         path = "Flat Map";
         sourceTree = "<group>";
      };
      "OBJ_111" = {
         isa = "PBXFileReference";
         path = "Flat Map.swift";
         sourceTree = "<group>";
      };
      "OBJ_112" = {
         isa = "PBXGroup";
         children = (
            "OBJ_113"
         );
         name = "Future";
         path = "Future";
         sourceTree = "<group>";
      };
      "OBJ_113" = {
         isa = "PBXFileReference";
         path = "Future.swift";
         sourceTree = "<group>";
      };
      "OBJ_114" = {
         isa = "PBXGroup";
         children = (
            "OBJ_115"
         );
         name = "Handle Events";
         path = "Handle Events";
         sourceTree = "<group>";
      };
      "OBJ_115" = {
         isa = "PBXFileReference";
         path = "Handle Events.swift";
         sourceTree = "<group>";
      };
      "OBJ_116" = {
         isa = "PBXGroup";
         children = (
            "OBJ_117"
         );
         name = "Ignore Output";
         path = "Ignore Output";
         sourceTree = "<group>";
      };
      "OBJ_117" = {
         isa = "PBXFileReference";
         path = "Ignore Output.swift";
         sourceTree = "<group>";
      };
      "OBJ_118" = {
         isa = "PBXGroup";
         children = (
            "OBJ_119",
            "OBJ_120"
         );
         name = "Just";
         path = "Just";
         sourceTree = "<group>";
      };
      "OBJ_119" = {
         isa = "PBXFileReference";
         path = "Just+Operators.swift";
         sourceTree = "<group>";
      };
      "OBJ_12" = {
         isa = "PBXFileReference";
         path = "Abstract Zip.swift";
         sourceTree = "<group>";
      };
      "OBJ_120" = {
         isa = "PBXFileReference";
         path = "Just.swift";
         sourceTree = "<group>";
      };
      "OBJ_121" = {
         isa = "PBXGroup";
         children = (
            "OBJ_122"
         );
         name = "Make Connectable";
         path = "Make Connectable";
         sourceTree = "<group>";
      };
      "OBJ_122" = {
         isa = "PBXFileReference";
         path = "Make Connectable.swift";
         sourceTree = "<group>";
      };
      "OBJ_123" = {
         isa = "PBXGroup";
         children = (
            "OBJ_124"
         );
         name = "Map Error";
         path = "Map Error";
         sourceTree = "<group>";
      };
      "OBJ_124" = {
         isa = "PBXFileReference";
         path = "Map Error.swift";
         sourceTree = "<group>";
      };
      "OBJ_125" = {
         isa = "PBXGroup";
         children = (
            "OBJ_126",
            "OBJ_127",
            "OBJ_128"
         );
         name = "Map Keypath";
         path = "Map Keypath";
         sourceTree = "<group>";
      };
      "OBJ_126" = {
         isa = "PBXFileReference";
         path = "Map Keypath.swift";
         sourceTree = "<group>";
      };
      "OBJ_127" = {
         isa = "PBXFileReference";
         path = "Map Keypath2.swift";
         sourceTree = "<group>";
      };
      "OBJ_128" = {
         isa = "PBXFileReference";
         path = "Map Keypath3.swift";
         sourceTree = "<group>";
      };
      "OBJ_129" = {
         isa = "PBXGroup";
         children = (
            "OBJ_130",
            "OBJ_131"
         );
         name = "Map";
         path = "Map";
         sourceTree = "<group>";
      };
      "OBJ_13" = {
         isa = "PBXGroup";
         children = (
            "OBJ_14"
         );
         name = "Bindable";
         path = "Bindable";
         sourceTree = "<group>";
      };
      "OBJ_130" = {
         isa = "PBXFileReference";
         path = "Map.swift";
         sourceTree = "<group>";
      };
      "OBJ_131" = {
         isa = "PBXFileReference";
         path = "Try Map.swift";
         sourceTree = "<group>";
      };
      "OBJ_132" = {
         isa = "PBXGroup";
         children = (
            "OBJ_133",
            "OBJ_134"
         );
         name = "Matches";
         path = "Matches";
         sourceTree = "<group>";
      };
      "OBJ_133" = {
         isa = "PBXFileReference";
         path = "First Match.swift";
         sourceTree = "<group>";
      };
      "OBJ_134" = {
         isa = "PBXFileReference";
         path = "Matches.swift";
         sourceTree = "<group>";
      };
      "OBJ_135" = {
         isa = "PBXGroup";
         children = (
            "OBJ_136",
            "OBJ_137"
         );
         name = "Merge";
         path = "Merge";
         sourceTree = "<group>";
      };
      "OBJ_136" = {
         isa = "PBXFileReference";
         path = "Merge.swift";
         sourceTree = "<group>";
      };
      "OBJ_137" = {
         isa = "PBXFileReference";
         path = "_Merged.swift";
         sourceTree = "<group>";
      };
      "OBJ_138" = {
         isa = "PBXGroup";
         children = (
            "OBJ_139"
         );
         name = "Multicast";
         path = "Multicast";
         sourceTree = "<group>";
      };
      "OBJ_139" = {
         isa = "PBXFileReference";
         path = "Multicast.swift";
         sourceTree = "<group>";
      };
      "OBJ_14" = {
         isa = "PBXFileReference";
         path = "Bindable Value.swift";
         sourceTree = "<group>";
      };
      "OBJ_140" = {
         isa = "PBXGroup";
         children = (
            "OBJ_141"
         );
         name = "NSObject";
         path = "NSObject";
         sourceTree = "<group>";
      };
      "OBJ_141" = {
         isa = "PBXFileReference";
         path = "NSObject.swift";
         sourceTree = "<group>";
      };
      "OBJ_142" = {
         isa = "PBXGroup";
         children = (
            "OBJ_143"
         );
         name = "Notification Center";
         path = "Notification Center";
         sourceTree = "<group>";
      };
      "OBJ_143" = {
         isa = "PBXFileReference";
         path = "Notification Center.swift";
         sourceTree = "<group>";
      };
      "OBJ_144" = {
         isa = "PBXGroup";
         children = (
            "OBJ_145",
            "OBJ_146"
         );
         name = "Optional";
         path = "Optional";
         sourceTree = "<group>";
      };
      "OBJ_145" = {
         isa = "PBXFileReference";
         path = "Optional+Operators.swift";
         sourceTree = "<group>";
      };
      "OBJ_146" = {
         isa = "PBXFileReference";
         path = "Optional.swift";
         sourceTree = "<group>";
      };
      "OBJ_147" = {
         isa = "PBXGroup";
         children = (
            "OBJ_148"
         );
         name = "Output";
         path = "Output";
         sourceTree = "<group>";
      };
      "OBJ_148" = {
         isa = "PBXFileReference";
         path = "Output.swift";
         sourceTree = "<group>";
      };
      "OBJ_149" = {
         isa = "PBXGroup";
         children = (
            "OBJ_150",
            "OBJ_151"
         );
         name = "Prefix While";
         path = "Prefix While";
         sourceTree = "<group>";
      };
      "OBJ_15" = {
         isa = "PBXGroup";
         children = (
            "OBJ_16"
         );
         name = "Cancellables";
         path = "Cancellables";
         sourceTree = "<group>";
      };
      "OBJ_150" = {
         isa = "PBXFileReference";
         path = "Prefix While.swift";
         sourceTree = "<group>";
      };
      "OBJ_151" = {
         isa = "PBXFileReference";
         path = "Try Prefix While.swift";
         sourceTree = "<group>";
      };
      "OBJ_152" = {
         isa = "PBXGroup";
         children = (
            "OBJ_153"
         );
         name = "Print";
         path = "Print";
         sourceTree = "<group>";
      };
      "OBJ_153" = {
         isa = "PBXFileReference";
         path = "Print.swift";
         sourceTree = "<group>";
      };
      "OBJ_154" = {
         isa = "PBXFileReference";
         path = "Publishers.swift";
         sourceTree = "<group>";
      };
      "OBJ_155" = {
         isa = "PBXGroup";
         children = (
            "OBJ_156"
         );
         name = "Receive On";
         path = "Receive On";
         sourceTree = "<group>";
      };
      "OBJ_156" = {
         isa = "PBXFileReference";
         path = "Receive On.swift";
         sourceTree = "<group>";
      };
      "OBJ_157" = {
         isa = "PBXGroup";
         children = (
            "OBJ_158",
            "OBJ_159"
         );
         name = "Reduce";
         path = "Reduce";
         sourceTree = "<group>";
      };
      "OBJ_158" = {
         isa = "PBXFileReference";
         path = "Reduce.swift";
         sourceTree = "<group>";
      };
      "OBJ_159" = {
         isa = "PBXFileReference";
         path = "Try Reduce.swift";
         sourceTree = "<group>";
      };
      "OBJ_16" = {
         isa = "PBXGroup";
         children = (
            "OBJ_17"
         );
         name = "Any";
         path = "Any";
         sourceTree = "<group>";
      };
      "OBJ_160" = {
         isa = "PBXGroup";
         children = (
            "OBJ_161",
            "OBJ_162"
         );
         name = "Remove Duplicates";
         path = "Remove Duplicates";
         sourceTree = "<group>";
      };
      "OBJ_161" = {
         isa = "PBXFileReference";
         path = "Remove Duplicates.swift";
         sourceTree = "<group>";
      };
      "OBJ_162" = {
         isa = "PBXFileReference";
         path = "Try Remove Duplicates.swift";
         sourceTree = "<group>";
      };
      "OBJ_163" = {
         isa = "PBXGroup";
         children = (
            "OBJ_164"
         );
         name = "Replace Empty";
         path = "Replace Empty";
         sourceTree = "<group>";
      };
      "OBJ_164" = {
         isa = "PBXFileReference";
         path = "Replace Empty.swift";
         sourceTree = "<group>";
      };
      "OBJ_165" = {
         isa = "PBXGroup";
         children = (
            "OBJ_166"
         );
         name = "Replace Error";
         path = "Replace Error";
         sourceTree = "<group>";
      };
      "OBJ_166" = {
         isa = "PBXFileReference";
         path = "Replace Error.swift";
         sourceTree = "<group>";
      };
      "OBJ_167" = {
         isa = "PBXGroup";
         children = (
            "OBJ_168",
            "OBJ_169"
         );
         name = "Result";
         path = "Result";
         sourceTree = "<group>";
      };
      "OBJ_168" = {
         isa = "PBXFileReference";
         path = "Result+Operators.swift";
         sourceTree = "<group>";
      };
      "OBJ_169" = {
         isa = "PBXFileReference";
         path = "Result.swift";
         sourceTree = "<group>";
      };
      "OBJ_17" = {
         isa = "PBXFileReference";
         path = "Any Cancellable.swift";
         sourceTree = "<group>";
      };
      "OBJ_170" = {
         isa = "PBXGroup";
         children = (
            "OBJ_171"
         );
         name = "Retry";
         path = "Retry";
         sourceTree = "<group>";
      };
      "OBJ_171" = {
         isa = "PBXFileReference";
         path = "Retry.swift";
         sourceTree = "<group>";
      };
      "OBJ_172" = {
         isa = "PBXGroup";
         children = (
            "OBJ_173",
            "OBJ_174"
         );
         name = "Sequence";
         path = "Sequence";
         sourceTree = "<group>";
      };
      "OBJ_173" = {
         isa = "PBXFileReference";
         path = "Sequence+Operators.swift";
         sourceTree = "<group>";
      };
      "OBJ_174" = {
         isa = "PBXFileReference";
         path = "Sequence.swift";
         sourceTree = "<group>";
      };
      "OBJ_175" = {
         isa = "PBXGroup";
         children = (
            "OBJ_176"
         );
         name = "Set Failure Type";
         path = "Set Failure Type";
         sourceTree = "<group>";
      };
      "OBJ_176" = {
         isa = "PBXFileReference";
         path = "Set Failure Type.swift";
         sourceTree = "<group>";
      };
      "OBJ_177" = {
         isa = "PBXGroup";
         children = (
            "OBJ_178"
         );
         name = "Share";
         path = "Share";
         sourceTree = "<group>";
      };
      "OBJ_178" = {
         isa = "PBXFileReference";
         path = "Share.swift";
         sourceTree = "<group>";
      };
      "OBJ_179" = {
         isa = "PBXGroup";
         children = (
            "OBJ_180"
         );
         name = "Subscribe On";
         path = "Subscribe On";
         sourceTree = "<group>";
      };
      "OBJ_18" = {
         isa = "PBXGroup";
         children = (
            "OBJ_19",
            "OBJ_20",
            "OBJ_21",
            "OBJ_22"
         );
         name = "Codable";
         path = "Codable";
         sourceTree = "<group>";
      };
      "OBJ_180" = {
         isa = "PBXFileReference";
         path = "Subscribe On.swift";
         sourceTree = "<group>";
      };
      "OBJ_181" = {
         isa = "PBXGroup";
         children = (
            "OBJ_182"
         );
         name = "Throttle";
         path = "Throttle";
         sourceTree = "<group>";
      };
      "OBJ_182" = {
         isa = "PBXFileReference";
         path = "Throttle.swift";
         sourceTree = "<group>";
      };
      "OBJ_183" = {
         isa = "PBXGroup";
         children = (
            "OBJ_184"
         );
         name = "Timer";
         path = "Timer";
         sourceTree = "<group>";
      };
      "OBJ_184" = {
         isa = "PBXFileReference";
         path = "Timer.swift";
         sourceTree = "<group>";
      };
      "OBJ_185" = {
         isa = "PBXGroup";
         children = (
            "OBJ_186",
            "OBJ_189"
         );
         name = "UI";
         path = "UI";
         sourceTree = "<group>";
      };
      "OBJ_186" = {
         isa = "PBXGroup";
         children = (
            "OBJ_187",
            "OBJ_188"
         );
         name = "App Kit";
         path = "App Kit";
         sourceTree = "<group>";
      };
      "OBJ_187" = {
         isa = "PBXFileReference";
         path = "NSTextField.swift";
         sourceTree = "<group>";
      };
      "OBJ_188" = {
         isa = "PBXFileReference";
         path = "NSTextView.swift";
         sourceTree = "<group>";
      };
      "OBJ_189" = {
         isa = "PBXGroup";
         children = (
            "OBJ_190",
            "OBJ_191"
         );
         name = "UI Kit";
         path = "UI Kit";
         sourceTree = "<group>";
      };
      "OBJ_19" = {
         isa = "PBXFileReference";
         path = "JSONDecoder.swift";
         sourceTree = "<group>";
      };
      "OBJ_190" = {
         isa = "PBXFileReference";
         path = "UITextField.swift";
         sourceTree = "<group>";
      };
      "OBJ_191" = {
         isa = "PBXFileReference";
         path = "UITextView.swift";
         sourceTree = "<group>";
      };
      "OBJ_192" = {
         isa = "PBXGroup";
         children = (
            "OBJ_193",
            "OBJ_194",
            "OBJ_195",
            "OBJ_196"
         );
         name = "URLSession";
         path = "URLSession";
         sourceTree = "<group>";
      };
      "OBJ_193" = {
         isa = "PBXFileReference";
         path = "Data Task.swift";
         sourceTree = "<group>";
      };
      "OBJ_194" = {
         isa = "PBXFileReference";
         path = "Download Task.swift";
         sourceTree = "<group>";
      };
      "OBJ_195" = {
         isa = "PBXFileReference";
         path = "Upload Task.swift";
         sourceTree = "<group>";
      };
      "OBJ_196" = {
         isa = "PBXFileReference";
         path = "Validate.swift";
         sourceTree = "<group>";
      };
      "OBJ_197" = {
         isa = "PBXGroup";
         children = (
            "OBJ_198"
         );
         name = "Zip";
         path = "Zip";
         sourceTree = "<group>";
      };
      "OBJ_198" = {
         isa = "PBXFileReference";
         path = "Zip.swift";
         sourceTree = "<group>";
      };
      "OBJ_199" = {
         isa = "PBXGroup";
         children = (
            "OBJ_200",
            "OBJ_201",
            "OBJ_202",
            "OBJ_203"
         );
         name = "Schedulers";
         path = "Schedulers";
         sourceTree = "<group>";
      };
      "OBJ_2" = {
         isa = "XCConfigurationList";
         buildConfigurations = (
            "OBJ_3",
            "OBJ_4"
         );
         defaultConfigurationIsVisible = "0";
         defaultConfigurationName = "Release";
      };
      "OBJ_20" = {
         isa = "PBXFileReference";
         path = "JSONEncoder.swift";
         sourceTree = "<group>";
      };
      "OBJ_200" = {
         isa = "PBXFileReference";
         path = "Dispatch Queue.swift";
         sourceTree = "<group>";
      };
      "OBJ_201" = {
         isa = "PBXFileReference";
         path = "Immediate Scheduler.swift";
         sourceTree = "<group>";
      };
      "OBJ_202" = {
         isa = "PBXFileReference";
         path = "Operation Queue.swift";
         sourceTree = "<group>";
      };
      "OBJ_203" = {
         isa = "PBXFileReference";
         path = "Run Loop.swift";
         sourceTree = "<group>";
      };
      "OBJ_204" = {
         isa = "PBXGroup";
         children = (
            "OBJ_205",
            "OBJ_206"
         );
         name = "Subjects";
         path = "Subjects";
         sourceTree = "<group>";
      };
      "OBJ_205" = {
         isa = "PBXFileReference";
         path = "Current Value Subject.swift";
         sourceTree = "<group>";
      };
      "OBJ_206" = {
         isa = "PBXFileReference";
         path = "Passthrough Subject.swift";
         sourceTree = "<group>";
      };
      "OBJ_207" = {
         isa = "PBXGroup";
         children = (
            "OBJ_208",
            "OBJ_210",
            "OBJ_212",
            "OBJ_214",
            "OBJ_216",
            "OBJ_221",
            "OBJ_223",
            "OBJ_225"
         );
         name = "Subscribers";
         path = "Subscribers";
         sourceTree = "<group>";
      };
      "OBJ_208" = {
         isa = "PBXGroup";
         children = (
            "OBJ_209"
         );
         name = "Any";
         path = "Any";
         sourceTree = "<group>";
      };
      "OBJ_209" = {
         isa = "PBXFileReference";
         path = "Any Subscriber.swift";
         sourceTree = "<group>";
      };
      "OBJ_21" = {
         isa = "PBXFileReference";
         path = "PropertyListDecoder.swift";
         sourceTree = "<group>";
      };
      "OBJ_210" = {
         isa = "PBXGroup";
         children = (
            "OBJ_211"
         );
         name = "Assign";
         path = "Assign";
         sourceTree = "<group>";
      };
      "OBJ_211" = {
         isa = "PBXFileReference";
         path = "Assign.swift";
         sourceTree = "<group>";
      };
      "OBJ_212" = {
         isa = "PBXGroup";
         children = (
            "OBJ_213"
         );
         name = "Completion";
         path = "Completion";
         sourceTree = "<group>";
      };
      "OBJ_213" = {
         isa = "PBXFileReference";
         path = "Completion.swift";
         sourceTree = "<group>";
      };
      "OBJ_214" = {
         isa = "PBXGroup";
         children = (
            "OBJ_215"
         );
         name = "Demand";
         path = "Demand";
         sourceTree = "<group>";
      };
      "OBJ_215" = {
         isa = "PBXFileReference";
         path = "Demand.swift";
         sourceTree = "<group>";
      };
      "OBJ_216" = {
         isa = "PBXGroup";
         children = (
            "OBJ_217",
            "OBJ_218",
            "OBJ_219",
            "OBJ_220"
         );
         name = "Internal";
         path = "Internal";
         sourceTree = "<group>";
      };
      "OBJ_217" = {
         isa = "PBXFileReference";
         path = "Completion Result.swift";
         sourceTree = "<group>";
      };
      "OBJ_218" = {
         isa = "PBXFileReference";
         path = "Filter Producer.swift";
         sourceTree = "<group>";
      };
      "OBJ_219" = {
         isa = "PBXFileReference";
         path = "Reduce Producer.swift";
         sourceTree = "<group>";
      };
      "OBJ_22" = {
         isa = "PBXFileReference";
         path = "PropertyListEncoder.swift";
         sourceTree = "<group>";
      };
      "OBJ_220" = {
         isa = "PBXFileReference";
         path = "Subject Subscriber.swift";
         sourceTree = "<group>";
      };
      "OBJ_221" = {
         isa = "PBXGroup";
         children = (
            "OBJ_222"
         );
         name = "OnCompletion";
         path = "OnCompletion";
         sourceTree = "<group>";
      };
      "OBJ_222" = {
         isa = "PBXFileReference";
         path = "OnCompletion.swift";
         sourceTree = "<group>";
      };
      "OBJ_223" = {
         isa = "PBXGroup";
         children = (
            "OBJ_224"
         );
         name = "Sink";
         path = "Sink";
         sourceTree = "<group>";
      };
      "OBJ_224" = {
         isa = "PBXFileReference";
         path = "Sink.swift";
         sourceTree = "<group>";
      };
      "OBJ_225" = {
         isa = "PBXFileReference";
         path = "Subscribers.swift";
         sourceTree = "<group>";
      };
      "OBJ_226" = {
         isa = "PBXGroup";
         children = (
            "OBJ_227",
            "OBJ_229",
            "OBJ_231"
         );
         name = "Subscriptions";
         path = "Subscriptions";
         sourceTree = "<group>";
      };
      "OBJ_227" = {
         isa = "PBXGroup";
         children = (
            "OBJ_228"
         );
         name = "Empty";
         path = "Empty";
         sourceTree = "<group>";
      };
      "OBJ_228" = {
         isa = "PBXFileReference";
         path = "Empty.swift";
         sourceTree = "<group>";
      };
      "OBJ_229" = {
         isa = "PBXGroup";
         children = (
            "OBJ_230"
         );
         name = "Internal";
         path = "Internal";
         sourceTree = "<group>";
      };
      "OBJ_23" = {
         isa = "PBXGroup";
         children = (
            "OBJ_24"
         );
         name = "Combine Identifier";
         path = "Combine Identifier";
         sourceTree = "<group>";
      };
      "OBJ_230" = {
         isa = "PBXFileReference";
         path = "Subscription Status.swift";
         sourceTree = "<group>";
      };
      "OBJ_231" = {
         isa = "PBXFileReference";
         path = "Subscriptions.swift";
         sourceTree = "<group>";
      };
      "OBJ_232" = {
         isa = "PBXGroup";
         children = (
            "OBJ_233",
            "OBJ_234"
         );
         name = "PublisherKitHelpers";
         path = "Sources/PublisherKitHelpers";
         sourceTree = "SOURCE_ROOT";
      };
      "OBJ_233" = {
         isa = "PBXFileReference";
         path = "PublisherKitHelpers.cpp";
         sourceTree = "<group>";
      };
      "OBJ_234" = {
         isa = "PBXGroup";
         children = (
            "OBJ_235"
         );
         name = "include";
         path = "include";
         sourceTree = "<group>";
      };
      "OBJ_235" = {
         isa = "PBXFileReference";
         path = "PublisherKitHelpers.h";
         sourceTree = "<group>";
      };
      "OBJ_236" = {
         isa = "PBXGroup";
         children = (
            "OBJ_237"
         );
         name = "Tests";
         path = "";
         sourceTree = "SOURCE_ROOT";
      };
      "OBJ_237" = {
         isa = "PBXGroup";
         children = (
            "OBJ_238",
            "OBJ_239",
            "OBJ_240"
         );
         name = "PublisherKitTests";
         path = "Tests/PublisherKitTests";
         sourceTree = "SOURCE_ROOT";
      };
      "OBJ_238" = {
         isa = "PBXFileReference";
         path = "CombineTests.swift";
         sourceTree = "<group>";
      };
      "OBJ_239" = {
         isa = "PBXFileReference";
         path = "PublisherKitTests.swift";
         sourceTree = "<group>";
      };
      "OBJ_24" = {
         isa = "PBXFileReference";
         path = "Combine Identifier.swift";
         sourceTree = "<group>";
      };
      "OBJ_240" = {
         isa = "PBXFileReference";
         path = "XCTestManifests.swift";
         sourceTree = "<group>";
      };
      "OBJ_241" = {
         isa = "PBXGroup";
         children = (
            "PublisherKit::PublisherKitHelpers::Product",
            "PublisherKit::PublisherKitTests::Product",
            "PublisherKit::PublisherKit::Product"
         );
         name = "Products";
         path = "";
         sourceTree = "BUILT_PRODUCTS_DIR";
      };
      "OBJ_245" = {
         isa = "PBXFileReference";
         path = "PublisherKitDemo";
         sourceTree = "SOURCE_ROOT";
      };
      "OBJ_246" = {
         isa = "PBXFileReference";
         path = "LICENSE";
         sourceTree = "<group>";
      };
      "OBJ_247" = {
         isa = "PBXFileReference";
         path = "README.md";
         sourceTree = "<group>";
      };
      "OBJ_249" = {
         isa = "XCConfigurationList";
         buildConfigurations = (
            "OBJ_250",
            "OBJ_251"
         );
         defaultConfigurationIsVisible = "0";
         defaultConfigurationName = "Release";
      };
      "OBJ_25" = {
         isa = "PBXGroup";
         children = (
            "OBJ_26",
            "OBJ_27"
         );
         name = "Error";
         path = "Error";
         sourceTree = "<group>";
      };
      "OBJ_250" = {
         isa = "XCBuildConfiguration";
         buildSettings = {
            ENABLE_TESTABILITY = "YES";
            FRAMEWORK_SEARCH_PATHS = (
               "$(inherited)",
               "$(PLATFORM_DIR)/Developer/Library/Frameworks"
            );
            HEADER_SEARCH_PATHS = (
               "$(inherited)",
               "$(SRCROOT)/Sources/PublisherKitHelpers/include"
            );
            INFOPLIST_FILE = "PublisherKit.xcodeproj/PublisherKit_Info.plist";
            IPHONEOS_DEPLOYMENT_TARGET = "8.0";
            LD_RUNPATH_SEARCH_PATHS = (
               "$(inherited)",
               "$(TOOLCHAIN_DIR)/usr/lib/swift/macosx"
            );
            MACOSX_DEPLOYMENT_TARGET = "10.10";
            OTHER_CFLAGS = (
               "$(inherited)"
            );
            OTHER_LDFLAGS = (
               "$(inherited)"
            );
            OTHER_SWIFT_FLAGS = (
               "$(inherited)"
            );
            PRODUCT_BUNDLE_IDENTIFIER = "PublisherKit";
            PRODUCT_MODULE_NAME = "$(TARGET_NAME:c99extidentifier)";
            PRODUCT_NAME = "$(TARGET_NAME:c99extidentifier)";
            SKIP_INSTALL = "YES";
            SWIFT_ACTIVE_COMPILATION_CONDITIONS = (
               "$(inherited)"
            );
            SWIFT_VERSION = "5.0";
            TARGET_NAME = "PublisherKit";
            TVOS_DEPLOYMENT_TARGET = "9.0";
            WATCHOS_DEPLOYMENT_TARGET = "3.0";
         };
         name = "Debug";
      };
      "OBJ_251" = {
         isa = "XCBuildConfiguration";
         buildSettings = {
            ENABLE_TESTABILITY = "YES";
            FRAMEWORK_SEARCH_PATHS = (
               "$(inherited)",
               "$(PLATFORM_DIR)/Developer/Library/Frameworks"
            );
            HEADER_SEARCH_PATHS = (
               "$(inherited)",
               "$(SRCROOT)/Sources/PublisherKitHelpers/include"
            );
            INFOPLIST_FILE = "PublisherKit.xcodeproj/PublisherKit_Info.plist";
            IPHONEOS_DEPLOYMENT_TARGET = "8.0";
            LD_RUNPATH_SEARCH_PATHS = (
               "$(inherited)",
               "$(TOOLCHAIN_DIR)/usr/lib/swift/macosx"
            );
            MACOSX_DEPLOYMENT_TARGET = "10.10";
            OTHER_CFLAGS = (
               "$(inherited)"
            );
            OTHER_LDFLAGS = (
               "$(inherited)"
            );
            OTHER_SWIFT_FLAGS = (
               "$(inherited)"
            );
            PRODUCT_BUNDLE_IDENTIFIER = "PublisherKit";
            PRODUCT_MODULE_NAME = "$(TARGET_NAME:c99extidentifier)";
            PRODUCT_NAME = "$(TARGET_NAME:c99extidentifier)";
            SKIP_INSTALL = "YES";
            SWIFT_ACTIVE_COMPILATION_CONDITIONS = (
               "$(inherited)"
            );
            SWIFT_VERSION = "5.0";
            TARGET_NAME = "PublisherKit";
            TVOS_DEPLOYMENT_TARGET = "9.0";
            WATCHOS_DEPLOYMENT_TARGET = "3.0";
         };
         name = "Release";
      };
      "OBJ_252" = {
         isa = "PBXSourcesBuildPhase";
         files = (
            "OBJ_253",
            "OBJ_254",
            "OBJ_255",
            "OBJ_256",
            "OBJ_257",
            "OBJ_258",
            "OBJ_259",
            "OBJ_260",
            "OBJ_261",
            "OBJ_262",
            "OBJ_263",
            "OBJ_264",
            "OBJ_265",
            "OBJ_266",
            "OBJ_267",
            "OBJ_268",
            "OBJ_269",
            "OBJ_270",
            "OBJ_271",
            "OBJ_272",
            "OBJ_273",
            "OBJ_274",
            "OBJ_275",
            "OBJ_276",
            "OBJ_277",
            "OBJ_278",
            "OBJ_279",
            "OBJ_280",
            "OBJ_281",
            "OBJ_282",
            "OBJ_283",
            "OBJ_284",
            "OBJ_285",
            "OBJ_286",
            "OBJ_287",
            "OBJ_288",
            "OBJ_289",
            "OBJ_290",
            "OBJ_291",
            "OBJ_292",
            "OBJ_293",
            "OBJ_294",
            "OBJ_295",
            "OBJ_296",
            "OBJ_297",
            "OBJ_298",
            "OBJ_299",
            "OBJ_300",
            "OBJ_301",
            "OBJ_302",
            "OBJ_303",
            "OBJ_304",
            "OBJ_305",
            "OBJ_306",
            "OBJ_307",
            "OBJ_308",
            "OBJ_309",
            "OBJ_310",
            "OBJ_311",
            "OBJ_312",
            "OBJ_313",
            "OBJ_314",
            "OBJ_315",
            "OBJ_316",
            "OBJ_317",
            "OBJ_318",
            "OBJ_319",
            "OBJ_320",
            "OBJ_321",
            "OBJ_322",
            "OBJ_323",
            "OBJ_324",
            "OBJ_325",
            "OBJ_326",
            "OBJ_327",
            "OBJ_328",
            "OBJ_329",
            "OBJ_330",
            "OBJ_331",
            "OBJ_332",
            "OBJ_333",
            "OBJ_334",
            "OBJ_335",
            "OBJ_336",
            "OBJ_337",
            "OBJ_338",
            "OBJ_339",
            "OBJ_340",
            "OBJ_341",
            "OBJ_342",
            "OBJ_343",
            "OBJ_344",
            "OBJ_345",
            "OBJ_346",
            "OBJ_347",
            "OBJ_348",
            "OBJ_349",
            "OBJ_350",
            "OBJ_351",
            "OBJ_352",
            "OBJ_353",
            "OBJ_354",
            "OBJ_355",
            "OBJ_356",
            "OBJ_357",
            "OBJ_358",
            "OBJ_359",
            "OBJ_360",
            "OBJ_361",
            "OBJ_362",
            "OBJ_363",
            "OBJ_364",
            "OBJ_365",
            "OBJ_366",
            "OBJ_367",
            "OBJ_368",
            "OBJ_369",
            "OBJ_370",
            "OBJ_371",
            "OBJ_372",
            "OBJ_373",
            "OBJ_374",
            "OBJ_375",
            "OBJ_376",
            "OBJ_377",
            "OBJ_378",
            "OBJ_379",
            "OBJ_380",
            "OBJ_381",
            "OBJ_382"
         );
      };
      "OBJ_253" = {
         isa = "PBXBuildFile";
         fileRef = "OBJ_10";
      };
      "OBJ_254" = {
         isa = "PBXBuildFile";
         fileRef = "OBJ_12";
      };
      "OBJ_255" = {
         isa = "PBXBuildFile";
         fileRef = "OBJ_14";
      };
      "OBJ_256" = {
         isa = "PBXBuildFile";
         fileRef = "OBJ_17";
      };
      "OBJ_257" = {
         isa = "PBXBuildFile";
         fileRef = "OBJ_19";
      };
      "OBJ_258" = {
         isa = "PBXBuildFile";
         fileRef = "OBJ_20";
      };
      "OBJ_259" = {
         isa = "PBXBuildFile";
         fileRef = "OBJ_21";
      };
      "OBJ_26" = {
         isa = "PBXFileReference";
         path = "HTTP Error.swift";
         sourceTree = "<group>";
      };
      "OBJ_260" = {
         isa = "PBXBuildFile";
         fileRef = "OBJ_22";
      };
      "OBJ_261" = {
         isa = "PBXBuildFile";
         fileRef = "OBJ_24";
      };
      "OBJ_262" = {
         isa = "PBXBuildFile";
         fileRef = "OBJ_26";
      };
      "OBJ_263" = {
         isa = "PBXBuildFile";
         fileRef = "OBJ_27";
      };
      "OBJ_264" = {
         isa = "PBXBuildFile";
         fileRef = "OBJ_29";
      };
      "OBJ_265" = {
         isa = "PBXBuildFile";
         fileRef = "OBJ_30";
      };
      "OBJ_266" = {
         isa = "PBXBuildFile";
         fileRef = "OBJ_31";
      };
      "OBJ_267" = {
         isa = "PBXBuildFile";
         fileRef = "OBJ_32";
      };
      "OBJ_268" = {
         isa = "PBXBuildFile";
         fileRef = "OBJ_33";
      };
      "OBJ_269" = {
         isa = "PBXBuildFile";
         fileRef = "OBJ_34";
      };
      "OBJ_27" = {
         isa = "PBXFileReference";
         path = "URLError.swift";
         sourceTree = "<group>";
      };
      "OBJ_270" = {
         isa = "PBXBuildFile";
         fileRef = "OBJ_36";
      };
      "OBJ_271" = {
         isa = "PBXBuildFile";
         fileRef = "OBJ_38";
      };
      "OBJ_272" = {
         isa = "PBXBuildFile";
         fileRef = "OBJ_40";
      };
      "OBJ_273" = {
         isa = "PBXBuildFile";
         fileRef = "OBJ_43";
      };
      "OBJ_274" = {
         isa = "PBXBuildFile";
         fileRef = "OBJ_45";
      };
      "OBJ_275" = {
         isa = "PBXBuildFile";
         fileRef = "OBJ_47";
      };
      "OBJ_276" = {
         isa = "PBXBuildFile";
         fileRef = "OBJ_49";
      };
      "OBJ_277" = {
         isa = "PBXBuildFile";
         fileRef = "OBJ_51";
      };
      "OBJ_278" = {
         isa = "PBXBuildFile";
         fileRef = "OBJ_53";
      };
      "OBJ_279" = {
         isa = "PBXBuildFile";
         fileRef = "OBJ_54";
      };
      "OBJ_28" = {
         isa = "PBXGroup";
         children = (
            "OBJ_29",
            "OBJ_30",
            "OBJ_31",
            "OBJ_32",
            "OBJ_33",
            "OBJ_34"
         );
         name = "Extensions";
         path = "Extensions";
         sourceTree = "<group>";
      };
      "OBJ_280" = {
         isa = "PBXBuildFile";
         fileRef = "OBJ_55";
      };
      "OBJ_281" = {
         isa = "PBXBuildFile";
         fileRef = "OBJ_57";
      };
      "OBJ_282" = {
         isa = "PBXBuildFile";
         fileRef = "OBJ_59";
      };
      "OBJ_283" = {
         isa = "PBXBuildFile";
         fileRef = "OBJ_61";
      };
      "OBJ_284" = {
         isa = "PBXBuildFile";
         fileRef = "OBJ_63";
      };
      "OBJ_285" = {
         isa = "PBXBuildFile";
         fileRef = "OBJ_65";
      };
      "OBJ_286" = {
         isa = "PBXBuildFile";
         fileRef = "OBJ_68";
      };
      "OBJ_287" = {
         isa = "PBXBuildFile";
         fileRef = "OBJ_69";
      };
      "OBJ_288" = {
         isa = "PBXBuildFile";
         fileRef = "OBJ_71";
      };
      "OBJ_289" = {
         isa = "PBXBuildFile";
         fileRef = "OBJ_73";
      };
      "OBJ_29" = {
         isa = "PBXFileReference";
         path = "Array+Extension.swift";
         sourceTree = "<group>";
      };
      "OBJ_290" = {
         isa = "PBXBuildFile";
         fileRef = "OBJ_75";
      };
      "OBJ_291" = {
         isa = "PBXBuildFile";
         fileRef = "OBJ_77";
      };
      "OBJ_292" = {
         isa = "PBXBuildFile";
         fileRef = "OBJ_78";
      };
      "OBJ_293" = {
         isa = "PBXBuildFile";
         fileRef = "OBJ_80";
      };
      "OBJ_294" = {
         isa = "PBXBuildFile";
         fileRef = "OBJ_82";
      };
      "OBJ_295" = {
         isa = "PBXBuildFile";
         fileRef = "OBJ_83";
      };
      "OBJ_296" = {
         isa = "PBXBuildFile";
         fileRef = "OBJ_85";
      };
      "OBJ_297" = {
         isa = "PBXBuildFile";
         fileRef = "OBJ_87";
      };
      "OBJ_298" = {
         isa = "PBXBuildFile";
         fileRef = "OBJ_89";
      };
      "OBJ_299" = {
         isa = "PBXBuildFile";
         fileRef = "OBJ_91";
      };
      "OBJ_3" = {
         isa = "XCBuildConfiguration";
         buildSettings = {
            CLANG_ENABLE_OBJC_ARC = "YES";
            COMBINE_HIDPI_IMAGES = "YES";
            COPY_PHASE_STRIP = "NO";
            DEBUG_INFORMATION_FORMAT = "dwarf";
            DYLIB_INSTALL_NAME_BASE = "@rpath";
            ENABLE_NS_ASSERTIONS = "YES";
            GCC_OPTIMIZATION_LEVEL = "0";
            GCC_PREPROCESSOR_DEFINITIONS = (
               "$(inherited)",
               "SWIFT_PACKAGE=1",
               "DEBUG=1"
            );
            MACOSX_DEPLOYMENT_TARGET = "10.10";
            ONLY_ACTIVE_ARCH = "YES";
            OTHER_SWIFT_FLAGS = (
               "$(inherited)",
               "-DXcode"
            );
            PRODUCT_NAME = "$(TARGET_NAME)";
            SDKROOT = "macosx";
            SUPPORTED_PLATFORMS = (
               "macosx",
               "iphoneos",
               "iphonesimulator",
               "appletvos",
               "appletvsimulator",
               "watchos",
               "watchsimulator"
            );
            SWIFT_ACTIVE_COMPILATION_CONDITIONS = (
               "$(inherited)",
               "SWIFT_PACKAGE",
               "DEBUG"
            );
            SWIFT_OPTIMIZATION_LEVEL = "-Onone";
            USE_HEADERMAP = "NO";
         };
         name = "Debug";
      };
      "OBJ_30" = {
         isa = "PBXFileReference";
         path = "Dictionary+Extension.swift";
         sourceTree = "<group>";
      };
      "OBJ_300" = {
         isa = "PBXBuildFile";
         fileRef = "OBJ_93";
      };
      "OBJ_301" = {
         isa = "PBXBuildFile";
         fileRef = "OBJ_95";
      };
      "OBJ_302" = {
         isa = "PBXBuildFile";
         fileRef = "OBJ_97";
      };
      "OBJ_303" = {
         isa = "PBXBuildFile";
         fileRef = "OBJ_98";
      };
      "OBJ_304" = {
         isa = "PBXBuildFile";
         fileRef = "OBJ_100";
      };
      "OBJ_305" = {
         isa = "PBXBuildFile";
         fileRef = "OBJ_102";
      };
      "OBJ_306" = {
         isa = "PBXBuildFile";
         fileRef = "OBJ_104";
      };
      "OBJ_307" = {
         isa = "PBXBuildFile";
         fileRef = "OBJ_106";
      };
      "OBJ_308" = {
         isa = "PBXBuildFile";
         fileRef = "OBJ_108";
      };
      "OBJ_309" = {
         isa = "PBXBuildFile";
         fileRef = "OBJ_109";
      };
      "OBJ_31" = {
         isa = "PBXFileReference";
         path = "Optional+Extension.swift";
         sourceTree = "<group>";
      };
      "OBJ_310" = {
         isa = "PBXBuildFile";
         fileRef = "OBJ_111";
      };
      "OBJ_311" = {
         isa = "PBXBuildFile";
         fileRef = "OBJ_113";
      };
      "OBJ_312" = {
         isa = "PBXBuildFile";
         fileRef = "OBJ_115";
      };
      "OBJ_313" = {
         isa = "PBXBuildFile";
         fileRef = "OBJ_117";
      };
      "OBJ_314" = {
         isa = "PBXBuildFile";
         fileRef = "OBJ_119";
      };
      "OBJ_315" = {
         isa = "PBXBuildFile";
         fileRef = "OBJ_120";
      };
      "OBJ_316" = {
         isa = "PBXBuildFile";
         fileRef = "OBJ_122";
      };
      "OBJ_317" = {
         isa = "PBXBuildFile";
         fileRef = "OBJ_124";
      };
      "OBJ_318" = {
         isa = "PBXBuildFile";
         fileRef = "OBJ_126";
      };
      "OBJ_319" = {
         isa = "PBXBuildFile";
         fileRef = "OBJ_127";
      };
      "OBJ_32" = {
         isa = "PBXFileReference";
         path = "Result+Extension.swift";
         sourceTree = "<group>";
      };
      "OBJ_320" = {
         isa = "PBXBuildFile";
         fileRef = "OBJ_128";
      };
      "OBJ_321" = {
         isa = "PBXBuildFile";
         fileRef = "OBJ_130";
      };
      "OBJ_322" = {
         isa = "PBXBuildFile";
         fileRef = "OBJ_131";
      };
      "OBJ_323" = {
         isa = "PBXBuildFile";
         fileRef = "OBJ_133";
      };
      "OBJ_324" = {
         isa = "PBXBuildFile";
         fileRef = "OBJ_134";
      };
      "OBJ_325" = {
         isa = "PBXBuildFile";
         fileRef = "OBJ_136";
      };
      "OBJ_326" = {
         isa = "PBXBuildFile";
         fileRef = "OBJ_137";
      };
      "OBJ_327" = {
         isa = "PBXBuildFile";
         fileRef = "OBJ_139";
      };
      "OBJ_328" = {
         isa = "PBXBuildFile";
         fileRef = "OBJ_141";
      };
      "OBJ_329" = {
         isa = "PBXBuildFile";
         fileRef = "OBJ_143";
      };
      "OBJ_33" = {
         isa = "PBXFileReference";
         path = "URL+Extension.swift";
         sourceTree = "<group>";
      };
      "OBJ_330" = {
         isa = "PBXBuildFile";
         fileRef = "OBJ_145";
      };
      "OBJ_331" = {
         isa = "PBXBuildFile";
         fileRef = "OBJ_146";
      };
      "OBJ_332" = {
         isa = "PBXBuildFile";
         fileRef = "OBJ_148";
      };
      "OBJ_333" = {
         isa = "PBXBuildFile";
         fileRef = "OBJ_150";
      };
      "OBJ_334" = {
         isa = "PBXBuildFile";
         fileRef = "OBJ_151";
      };
      "OBJ_335" = {
         isa = "PBXBuildFile";
         fileRef = "OBJ_153";
      };
      "OBJ_336" = {
         isa = "PBXBuildFile";
         fileRef = "OBJ_154";
      };
      "OBJ_337" = {
         isa = "PBXBuildFile";
         fileRef = "OBJ_156";
      };
      "OBJ_338" = {
         isa = "PBXBuildFile";
         fileRef = "OBJ_158";
      };
      "OBJ_339" = {
         isa = "PBXBuildFile";
         fileRef = "OBJ_159";
      };
      "OBJ_34" = {
         isa = "PBXFileReference";
         path = "URLRequest+Extension.swift";
         sourceTree = "<group>";
      };
      "OBJ_340" = {
         isa = "PBXBuildFile";
         fileRef = "OBJ_161";
      };
      "OBJ_341" = {
         isa = "PBXBuildFile";
         fileRef = "OBJ_162";
      };
      "OBJ_342" = {
         isa = "PBXBuildFile";
         fileRef = "OBJ_164";
      };
      "OBJ_343" = {
         isa = "PBXBuildFile";
         fileRef = "OBJ_166";
      };
      "OBJ_344" = {
         isa = "PBXBuildFile";
         fileRef = "OBJ_168";
      };
      "OBJ_345" = {
         isa = "PBXBuildFile";
         fileRef = "OBJ_169";
      };
      "OBJ_346" = {
         isa = "PBXBuildFile";
         fileRef = "OBJ_171";
      };
      "OBJ_347" = {
         isa = "PBXBuildFile";
         fileRef = "OBJ_173";
      };
      "OBJ_348" = {
         isa = "PBXBuildFile";
         fileRef = "OBJ_174";
      };
      "OBJ_349" = {
         isa = "PBXBuildFile";
         fileRef = "OBJ_176";
      };
      "OBJ_35" = {
         isa = "PBXGroup";
         children = (
            "OBJ_36"
         );
         name = "Locks";
         path = "Locks";
         sourceTree = "<group>";
      };
      "OBJ_350" = {
         isa = "PBXBuildFile";
         fileRef = "OBJ_178";
      };
      "OBJ_351" = {
         isa = "PBXBuildFile";
         fileRef = "OBJ_180";
      };
      "OBJ_352" = {
         isa = "PBXBuildFile";
         fileRef = "OBJ_182";
      };
      "OBJ_353" = {
         isa = "PBXBuildFile";
         fileRef = "OBJ_184";
      };
      "OBJ_354" = {
         isa = "PBXBuildFile";
         fileRef = "OBJ_187";
      };
      "OBJ_355" = {
         isa = "PBXBuildFile";
         fileRef = "OBJ_188";
      };
      "OBJ_356" = {
         isa = "PBXBuildFile";
         fileRef = "OBJ_190";
      };
      "OBJ_357" = {
         isa = "PBXBuildFile";
         fileRef = "OBJ_191";
      };
      "OBJ_358" = {
         isa = "PBXBuildFile";
         fileRef = "OBJ_193";
      };
      "OBJ_359" = {
         isa = "PBXBuildFile";
         fileRef = "OBJ_194";
      };
      "OBJ_36" = {
         isa = "PBXFileReference";
         path = "Locks.swift";
         sourceTree = "<group>";
      };
      "OBJ_360" = {
         isa = "PBXBuildFile";
         fileRef = "OBJ_195";
      };
      "OBJ_361" = {
         isa = "PBXBuildFile";
         fileRef = "OBJ_196";
      };
      "OBJ_362" = {
         isa = "PBXBuildFile";
         fileRef = "OBJ_198";
      };
      "OBJ_363" = {
         isa = "PBXBuildFile";
         fileRef = "OBJ_200";
      };
      "OBJ_364" = {
         isa = "PBXBuildFile";
         fileRef = "OBJ_201";
      };
      "OBJ_365" = {
         isa = "PBXBuildFile";
         fileRef = "OBJ_202";
      };
      "OBJ_366" = {
         isa = "PBXBuildFile";
         fileRef = "OBJ_203";
      };
      "OBJ_367" = {
         isa = "PBXBuildFile";
         fileRef = "OBJ_205";
      };
      "OBJ_368" = {
         isa = "PBXBuildFile";
         fileRef = "OBJ_206";
      };
      "OBJ_369" = {
         isa = "PBXBuildFile";
         fileRef = "OBJ_209";
      };
      "OBJ_37" = {
         isa = "PBXGroup";
         children = (
            "OBJ_38"
         );
         name = "Logger";
         path = "Logger";
         sourceTree = "<group>";
      };
      "OBJ_370" = {
         isa = "PBXBuildFile";
         fileRef = "OBJ_211";
      };
      "OBJ_371" = {
         isa = "PBXBuildFile";
         fileRef = "OBJ_213";
      };
      "OBJ_372" = {
         isa = "PBXBuildFile";
         fileRef = "OBJ_215";
      };
      "OBJ_373" = {
         isa = "PBXBuildFile";
         fileRef = "OBJ_217";
      };
      "OBJ_374" = {
         isa = "PBXBuildFile";
         fileRef = "OBJ_218";
      };
      "OBJ_375" = {
         isa = "PBXBuildFile";
         fileRef = "OBJ_219";
      };
      "OBJ_376" = {
         isa = "PBXBuildFile";
         fileRef = "OBJ_220";
      };
      "OBJ_377" = {
         isa = "PBXBuildFile";
         fileRef = "OBJ_222";
      };
      "OBJ_378" = {
         isa = "PBXBuildFile";
         fileRef = "OBJ_224";
      };
      "OBJ_379" = {
         isa = "PBXBuildFile";
         fileRef = "OBJ_225";
      };
      "OBJ_38" = {
         isa = "PBXFileReference";
         path = "Logger.swift";
         sourceTree = "<group>";
      };
      "OBJ_380" = {
         isa = "PBXBuildFile";
         fileRef = "OBJ_228";
      };
      "OBJ_381" = {
         isa = "PBXBuildFile";
         fileRef = "OBJ_230";
      };
      "OBJ_382" = {
         isa = "PBXBuildFile";
         fileRef = "OBJ_231";
      };
      "OBJ_383" = {
         isa = "PBXFrameworksBuildPhase";
         files = (
            "OBJ_384"
         );
      };
      "OBJ_384" = {
         isa = "PBXBuildFile";
         fileRef = "PublisherKit::PublisherKitHelpers::Product";
      };
      "OBJ_385" = {
         isa = "PBXTargetDependency";
         target = "PublisherKit::PublisherKitHelpers";
      };
      "OBJ_387" = {
         isa = "XCConfigurationList";
         buildConfigurations = (
            "OBJ_388",
            "OBJ_389"
         );
         defaultConfigurationIsVisible = "0";
         defaultConfigurationName = "Release";
      };
      "OBJ_388" = {
         isa = "XCBuildConfiguration";
         buildSettings = {
            CLANG_CXX_LANGUAGE_STANDARD = "c++1z";
            CLANG_ENABLE_MODULES = "YES";
            DEFINES_MODULE = "YES";
            ENABLE_TESTABILITY = "YES";
            FRAMEWORK_SEARCH_PATHS = (
               "$(inherited)",
               "$(PLATFORM_DIR)/Developer/Library/Frameworks"
            );
            HEADER_SEARCH_PATHS = (
               "$(inherited)",
               "$(SRCROOT)/Sources/PublisherKitHelpers/include"
            );
            INFOPLIST_FILE = "PublisherKit.xcodeproj/PublisherKitHelpers_Info.plist";
            IPHONEOS_DEPLOYMENT_TARGET = "8.0";
            LD_RUNPATH_SEARCH_PATHS = (
               "$(inherited)",
               "$(TOOLCHAIN_DIR)/usr/lib/swift/macosx"
            );
            MACOSX_DEPLOYMENT_TARGET = "10.10";
            OTHER_CFLAGS = (
               "$(inherited)"
            );
            OTHER_LDFLAGS = (
               "$(inherited)"
            );
            OTHER_SWIFT_FLAGS = (
               "$(inherited)"
            );
            PRODUCT_BUNDLE_IDENTIFIER = "PublisherKitHelpers";
            PRODUCT_MODULE_NAME = "$(TARGET_NAME:c99extidentifier)";
            PRODUCT_NAME = "$(TARGET_NAME:c99extidentifier)";
            SKIP_INSTALL = "YES";
            SWIFT_ACTIVE_COMPILATION_CONDITIONS = (
               "$(inherited)"
            );
            TARGET_NAME = "PublisherKitHelpers";
            TVOS_DEPLOYMENT_TARGET = "9.0";
            WATCHOS_DEPLOYMENT_TARGET = "3.0";
         };
         name = "Debug";
      };
      "OBJ_389" = {
         isa = "XCBuildConfiguration";
         buildSettings = {
            CLANG_CXX_LANGUAGE_STANDARD = "c++1z";
            CLANG_ENABLE_MODULES = "YES";
            DEFINES_MODULE = "YES";
            ENABLE_TESTABILITY = "YES";
            FRAMEWORK_SEARCH_PATHS = (
               "$(inherited)",
               "$(PLATFORM_DIR)/Developer/Library/Frameworks"
            );
            HEADER_SEARCH_PATHS = (
               "$(inherited)",
               "$(SRCROOT)/Sources/PublisherKitHelpers/include"
            );
            INFOPLIST_FILE = "PublisherKit.xcodeproj/PublisherKitHelpers_Info.plist";
            IPHONEOS_DEPLOYMENT_TARGET = "8.0";
            LD_RUNPATH_SEARCH_PATHS = (
               "$(inherited)",
               "$(TOOLCHAIN_DIR)/usr/lib/swift/macosx"
            );
            MACOSX_DEPLOYMENT_TARGET = "10.10";
            OTHER_CFLAGS = (
               "$(inherited)"
            );
            OTHER_LDFLAGS = (
               "$(inherited)"
            );
            OTHER_SWIFT_FLAGS = (
               "$(inherited)"
            );
            PRODUCT_BUNDLE_IDENTIFIER = "PublisherKitHelpers";
            PRODUCT_MODULE_NAME = "$(TARGET_NAME:c99extidentifier)";
            PRODUCT_NAME = "$(TARGET_NAME:c99extidentifier)";
            SKIP_INSTALL = "YES";
            SWIFT_ACTIVE_COMPILATION_CONDITIONS = (
               "$(inherited)"
            );
            TARGET_NAME = "PublisherKitHelpers";
            TVOS_DEPLOYMENT_TARGET = "9.0";
            WATCHOS_DEPLOYMENT_TARGET = "3.0";
         };
         name = "Release";
      };
      "OBJ_39" = {
         isa = "PBXGroup";
         children = (
            "OBJ_40"
         );
         name = "Operations";
         path = "Operations";
         sourceTree = "<group>";
      };
      "OBJ_390" = {
         isa = "PBXSourcesBuildPhase";
         files = (
            "OBJ_391"
         );
      };
      "OBJ_391" = {
         isa = "PBXBuildFile";
         fileRef = "OBJ_233";
      };
      "OBJ_392" = {
         isa = "PBXHeadersBuildPhase";
         files = (
            "OBJ_393"
         );
      };
      "OBJ_393" = {
         isa = "PBXBuildFile";
         fileRef = "OBJ_235";
         settings = {
            ATTRIBUTES = (
               "Public"
            );
         };
      };
      "OBJ_394" = {
         isa = "PBXFrameworksBuildPhase";
         files = (
         );
      };
      "OBJ_396" = {
         isa = "XCConfigurationList";
         buildConfigurations = (
            "OBJ_397",
            "OBJ_398"
         );
         defaultConfigurationIsVisible = "0";
         defaultConfigurationName = "Release";
      };
      "OBJ_397" = {
         isa = "XCBuildConfiguration";
         buildSettings = {
            LD = "/usr/bin/true";
            OTHER_SWIFT_FLAGS = (
               "-swift-version",
               "5",
               "-I",
               "$(TOOLCHAIN_DIR)/usr/lib/swift/pm/4_2",
               "-target",
               "x86_64-apple-macosx10.10",
               "-sdk",
               "/Applications/Xcode.app/Contents/Developer/Platforms/MacOSX.platform/Developer/SDKs/MacOSX10.15.sdk",
               "-package-description-version",
               "5.1.0"
            );
            SWIFT_VERSION = "5.0";
         };
         name = "Debug";
      };
      "OBJ_398" = {
         isa = "XCBuildConfiguration";
         buildSettings = {
            LD = "/usr/bin/true";
            OTHER_SWIFT_FLAGS = (
               "-swift-version",
               "5",
               "-I",
               "$(TOOLCHAIN_DIR)/usr/lib/swift/pm/4_2",
               "-target",
               "x86_64-apple-macosx10.10",
               "-sdk",
               "/Applications/Xcode.app/Contents/Developer/Platforms/MacOSX.platform/Developer/SDKs/MacOSX10.15.sdk",
               "-package-description-version",
               "5.1.0"
            );
            SWIFT_VERSION = "5.0";
         };
         name = "Release";
      };
      "OBJ_399" = {
         isa = "PBXSourcesBuildPhase";
         files = (
            "OBJ_400"
         );
      };
      "OBJ_4" = {
         isa = "XCBuildConfiguration";
         buildSettings = {
            CLANG_ENABLE_OBJC_ARC = "YES";
            COMBINE_HIDPI_IMAGES = "YES";
            COPY_PHASE_STRIP = "YES";
            DEBUG_INFORMATION_FORMAT = "dwarf-with-dsym";
            DYLIB_INSTALL_NAME_BASE = "@rpath";
            GCC_OPTIMIZATION_LEVEL = "s";
            GCC_PREPROCESSOR_DEFINITIONS = (
               "$(inherited)",
               "SWIFT_PACKAGE=1"
            );
            MACOSX_DEPLOYMENT_TARGET = "10.10";
            OTHER_SWIFT_FLAGS = (
               "$(inherited)",
               "-DXcode"
            );
            PRODUCT_NAME = "$(TARGET_NAME)";
            SDKROOT = "macosx";
            SUPPORTED_PLATFORMS = (
               "macosx",
               "iphoneos",
               "iphonesimulator",
               "appletvos",
               "appletvsimulator",
               "watchos",
               "watchsimulator"
            );
            SWIFT_ACTIVE_COMPILATION_CONDITIONS = (
               "$(inherited)",
               "SWIFT_PACKAGE"
            );
            SWIFT_OPTIMIZATION_LEVEL = "-Owholemodule";
            USE_HEADERMAP = "NO";
         };
         name = "Release";
      };
      "OBJ_40" = {
         isa = "PBXFileReference";
         path = "Asynchronous Operation.swift";
         sourceTree = "<group>";
      };
      "OBJ_400" = {
         isa = "PBXBuildFile";
         fileRef = "OBJ_6";
      };
      "OBJ_402" = {
         isa = "XCConfigurationList";
         buildConfigurations = (
            "OBJ_403",
            "OBJ_404"
         );
         defaultConfigurationIsVisible = "0";
         defaultConfigurationName = "Release";
      };
      "OBJ_403" = {
         isa = "XCBuildConfiguration";
         buildSettings = {
         };
         name = "Debug";
      };
      "OBJ_404" = {
         isa = "XCBuildConfiguration";
         buildSettings = {
         };
         name = "Release";
      };
      "OBJ_405" = {
         isa = "PBXTargetDependency";
         target = "PublisherKit::PublisherKitTests";
      };
      "OBJ_407" = {
         isa = "XCConfigurationList";
         buildConfigurations = (
            "OBJ_408",
            "OBJ_409"
         );
         defaultConfigurationIsVisible = "0";
         defaultConfigurationName = "Release";
      };
      "OBJ_408" = {
         isa = "XCBuildConfiguration";
         buildSettings = {
            CLANG_ENABLE_MODULES = "YES";
            EMBEDDED_CONTENT_CONTAINS_SWIFT = "YES";
            FRAMEWORK_SEARCH_PATHS = (
               "$(inherited)",
               "$(PLATFORM_DIR)/Developer/Library/Frameworks"
            );
            HEADER_SEARCH_PATHS = (
               "$(inherited)",
               "$(SRCROOT)/Sources/PublisherKitHelpers/include"
            );
            INFOPLIST_FILE = "PublisherKit.xcodeproj/PublisherKitTests_Info.plist";
            IPHONEOS_DEPLOYMENT_TARGET = "8.0";
            LD_RUNPATH_SEARCH_PATHS = (
               "$(inherited)",
               "@loader_path/../Frameworks",
               "@loader_path/Frameworks"
            );
            MACOSX_DEPLOYMENT_TARGET = "10.10";
            OTHER_CFLAGS = (
               "$(inherited)"
            );
            OTHER_LDFLAGS = (
               "$(inherited)"
            );
            OTHER_SWIFT_FLAGS = (
               "$(inherited)"
            );
            SWIFT_ACTIVE_COMPILATION_CONDITIONS = (
               "$(inherited)"
            );
            SWIFT_VERSION = "5.0";
            TARGET_NAME = "PublisherKitTests";
            TVOS_DEPLOYMENT_TARGET = "9.0";
            WATCHOS_DEPLOYMENT_TARGET = "3.0";
         };
         name = "Debug";
      };
      "OBJ_409" = {
         isa = "XCBuildConfiguration";
         buildSettings = {
            CLANG_ENABLE_MODULES = "YES";
            EMBEDDED_CONTENT_CONTAINS_SWIFT = "YES";
            FRAMEWORK_SEARCH_PATHS = (
               "$(inherited)",
               "$(PLATFORM_DIR)/Developer/Library/Frameworks"
            );
            HEADER_SEARCH_PATHS = (
               "$(inherited)",
               "$(SRCROOT)/Sources/PublisherKitHelpers/include"
            );
            INFOPLIST_FILE = "PublisherKit.xcodeproj/PublisherKitTests_Info.plist";
            IPHONEOS_DEPLOYMENT_TARGET = "8.0";
            LD_RUNPATH_SEARCH_PATHS = (
               "$(inherited)",
               "@loader_path/../Frameworks",
               "@loader_path/Frameworks"
            );
            MACOSX_DEPLOYMENT_TARGET = "10.10";
            OTHER_CFLAGS = (
               "$(inherited)"
            );
            OTHER_LDFLAGS = (
               "$(inherited)"
            );
            OTHER_SWIFT_FLAGS = (
               "$(inherited)"
            );
            SWIFT_ACTIVE_COMPILATION_CONDITIONS = (
               "$(inherited)"
            );
            SWIFT_VERSION = "5.0";
            TARGET_NAME = "PublisherKitTests";
            TVOS_DEPLOYMENT_TARGET = "9.0";
            WATCHOS_DEPLOYMENT_TARGET = "3.0";
         };
         name = "Release";
      };
      "OBJ_41" = {
         isa = "PBXGroup";
         children = (
            "OBJ_42",
            "OBJ_44",
            "OBJ_46",
            "OBJ_48",
            "OBJ_50",
            "OBJ_52",
            "OBJ_56",
            "OBJ_58",
            "OBJ_60",
            "OBJ_62",
            "OBJ_64"
         );
         name = "Protocols";
         path = "Protocols";
         sourceTree = "<group>";
      };
      "OBJ_410" = {
         isa = "PBXSourcesBuildPhase";
         files = (
            "OBJ_411",
            "OBJ_412",
            "OBJ_413"
         );
      };
      "OBJ_411" = {
         isa = "PBXBuildFile";
         fileRef = "OBJ_238";
      };
      "OBJ_412" = {
         isa = "PBXBuildFile";
         fileRef = "OBJ_239";
      };
      "OBJ_413" = {
         isa = "PBXBuildFile";
         fileRef = "OBJ_240";
      };
      "OBJ_414" = {
         isa = "PBXFrameworksBuildPhase";
         files = (
            "OBJ_415",
            "OBJ_416"
         );
      };
      "OBJ_415" = {
         isa = "PBXBuildFile";
         fileRef = "PublisherKit::PublisherKit::Product";
      };
      "OBJ_416" = {
         isa = "PBXBuildFile";
         fileRef = "PublisherKit::PublisherKitHelpers::Product";
      };
      "OBJ_417" = {
         isa = "PBXTargetDependency";
         target = "PublisherKit::PublisherKit";
      };
      "OBJ_418" = {
         isa = "PBXTargetDependency";
         target = "PublisherKit::PublisherKitHelpers";
      };
      "OBJ_42" = {
         isa = "PBXGroup";
         children = (
            "OBJ_43"
         );
         name = "Cancellable";
         path = "Cancellable";
         sourceTree = "<group>";
      };
      "OBJ_43" = {
         isa = "PBXFileReference";
         path = "Cancellable.swift";
         sourceTree = "<group>";
      };
      "OBJ_44" = {
         isa = "PBXGroup";
         children = (
            "OBJ_45"
         );
         name = "Connectable Publisher";
         path = "Connectable Publisher";
         sourceTree = "<group>";
      };
      "OBJ_45" = {
         isa = "PBXFileReference";
         path = "Connectable Publisher.swift";
         sourceTree = "<group>";
      };
      "OBJ_46" = {
         isa = "PBXGroup";
         children = (
            "OBJ_47"
         );
         name = "Custom Combine Identifier Convertible";
         path = "Custom Combine Identifier Convertible";
         sourceTree = "<group>";
      };
      "OBJ_47" = {
         isa = "PBXFileReference";
         path = "Custom Combine Identifier Convertible.swift";
         sourceTree = "<group>";
      };
      "OBJ_48" = {
         isa = "PBXGroup";
         children = (
            "OBJ_49"
         );
         name = "Decoder";
         path = "Decoder";
         sourceTree = "<group>";
      };
      "OBJ_49" = {
         isa = "PBXFileReference";
         path = "Top Level Decoder.swift";
         sourceTree = "<group>";
      };
      "OBJ_5" = {
         isa = "PBXGroup";
         children = (
            "OBJ_6",
            "OBJ_7",
            "OBJ_236",
            "OBJ_241",
            "OBJ_245",
            "OBJ_246",
            "OBJ_247"
         );
         path = "";
         sourceTree = "<group>";
      };
      "OBJ_50" = {
         isa = "PBXGroup";
         children = (
            "OBJ_51"
         );
         name = "Encoder";
         path = "Encoder";
         sourceTree = "<group>";
      };
      "OBJ_51" = {
         isa = "PBXFileReference";
         path = "Top Level Encoder.swift";
         sourceTree = "<group>";
      };
      "OBJ_52" = {
         isa = "PBXGroup";
         children = (
            "OBJ_53",
            "OBJ_54",
            "OBJ_55"
         );
         name = "Publisher";
         path = "Publisher";
         sourceTree = "<group>";
      };
      "OBJ_53" = {
         isa = "PBXFileReference";
         path = "Publisher+Operators.swift";
         sourceTree = "<group>";
      };
      "OBJ_54" = {
         isa = "PBXFileReference";
         path = "Publisher+Subscribers.swift";
         sourceTree = "<group>";
      };
      "OBJ_55" = {
         isa = "PBXFileReference";
         path = "Publisher.swift";
         sourceTree = "<group>";
      };
      "OBJ_56" = {
         isa = "PBXGroup";
         children = (
            "OBJ_57"
         );
         name = "Scheduler";
         path = "Scheduler";
         sourceTree = "<group>";
      };
      "OBJ_57" = {
         isa = "PBXFileReference";
         path = "Scheduler.swift";
         sourceTree = "<group>";
      };
      "OBJ_58" = {
         isa = "PBXGroup";
         children = (
            "OBJ_59"
         );
         name = "Subject";
         path = "Subject";
         sourceTree = "<group>";
      };
      "OBJ_59" = {
         isa = "PBXFileReference";
         path = "Subject.swift";
         sourceTree = "<group>";
      };
      "OBJ_6" = {
         isa = "PBXFileReference";
         explicitFileType = "sourcecode.swift";
         path = "Package.swift";
         sourceTree = "<group>";
      };
      "OBJ_60" = {
         isa = "PBXGroup";
         children = (
            "OBJ_61"
         );
         name = "Subscriber";
         path = "Subscriber";
         sourceTree = "<group>";
      };
      "OBJ_61" = {
         isa = "PBXFileReference";
         path = "Subscriber.swift";
         sourceTree = "<group>";
      };
      "OBJ_62" = {
         isa = "PBXGroup";
         children = (
            "OBJ_63"
         );
         name = "Subscription";
         path = "Subscription";
         sourceTree = "<group>";
      };
      "OBJ_63" = {
         isa = "PBXFileReference";
         path = "Subscription.swift";
         sourceTree = "<group>";
      };
      "OBJ_64" = {
         isa = "PBXGroup";
         children = (
            "OBJ_65"
         );
         name = "__KeyValueObservingPKPublisher";
         path = "__KeyValueObservingPKPublisher";
         sourceTree = "<group>";
      };
      "OBJ_65" = {
         isa = "PBXFileReference";
         path = "__KeyValueObservingPKPublisher.swift";
         sourceTree = "<group>";
      };
      "OBJ_66" = {
         isa = "PBXGroup";
         children = (
            "OBJ_67",
            "OBJ_70",
            "OBJ_72",
            "OBJ_74",
            "OBJ_76",
            "OBJ_79",
            "OBJ_81",
            "OBJ_84",
            "OBJ_86",
            "OBJ_88",
            "OBJ_90",
            "OBJ_92",
            "OBJ_94",
            "OBJ_96",
            "OBJ_99",
            "OBJ_101",
            "OBJ_103",
            "OBJ_105",
            "OBJ_107",
            "OBJ_110",
            "OBJ_112",
            "OBJ_114",
            "OBJ_116",
            "OBJ_118",
            "OBJ_121",
            "OBJ_123",
            "OBJ_125",
            "OBJ_129",
            "OBJ_132",
            "OBJ_135",
            "OBJ_138",
            "OBJ_140",
            "OBJ_142",
            "OBJ_144",
            "OBJ_147",
            "OBJ_149",
            "OBJ_152",
            "OBJ_154",
            "OBJ_155",
            "OBJ_157",
            "OBJ_160",
            "OBJ_163",
            "OBJ_165",
            "OBJ_167",
            "OBJ_170",
            "OBJ_172",
            "OBJ_175",
            "OBJ_177",
            "OBJ_179",
            "OBJ_181",
            "OBJ_183",
            "OBJ_185",
            "OBJ_192",
            "OBJ_197"
         );
         name = "Publishers";
         path = "Publishers";
         sourceTree = "<group>";
      };
      "OBJ_67" = {
         isa = "PBXGroup";
         children = (
            "OBJ_68",
            "OBJ_69"
         );
         name = "All Satisfy";
         path = "All Satisfy";
         sourceTree = "<group>";
      };
      "OBJ_68" = {
         isa = "PBXFileReference";
         path = "All Satisfy.swift";
         sourceTree = "<group>";
      };
      "OBJ_69" = {
         isa = "PBXFileReference";
         path = "Try All Satisfy.swift";
         sourceTree = "<group>";
      };
      "OBJ_7" = {
         isa = "PBXGroup";
         children = (
            "OBJ_8",
            "OBJ_232"
         );
         name = "Sources";
         path = "";
         sourceTree = "SOURCE_ROOT";
      };
      "OBJ_70" = {
         isa = "PBXGroup";
         children = (
            "OBJ_71"
         );
         name = "Any";
         path = "Any";
         sourceTree = "<group>";
      };
      "OBJ_71" = {
         isa = "PBXFileReference";
         path = "Any Publisher.swift";
         sourceTree = "<group>";
      };
      "OBJ_72" = {
         isa = "PBXGroup";
         children = (
            "OBJ_73"
         );
         name = "Autoconnect";
         path = "Autoconnect";
         sourceTree = "<group>";
      };
      "OBJ_73" = {
         isa = "PBXFileReference";
         path = "Autoconnect.swift";
         sourceTree = "<group>";
      };
      "OBJ_74" = {
         isa = "PBXGroup";
         children = (
            "OBJ_75"
         );
         name = "Breakpoint";
         path = "Breakpoint";
         sourceTree = "<group>";
      };
      "OBJ_75" = {
         isa = "PBXFileReference";
         path = "Breakpoint.swift";
         sourceTree = "<group>";
      };
      "OBJ_76" = {
         isa = "PBXGroup";
         children = (
            "OBJ_77",
            "OBJ_78"
         );
         name = "Catch";
         path = "Catch";
         sourceTree = "<group>";
      };
      "OBJ_77" = {
         isa = "PBXFileReference";
         path = "Catch.swift";
         sourceTree = "<group>";
      };
      "OBJ_78" = {
         isa = "PBXFileReference";
         path = "Try Catch.swift";
         sourceTree = "<group>";
      };
      "OBJ_79" = {
         isa = "PBXGroup";
         children = (
            "OBJ_80"
         );
         name = "Combine Latest";
         path = "Combine Latest";
         sourceTree = "<group>";
      };
      "OBJ_8" = {
         isa = "PBXGroup";
         children = (
            "OBJ_9",
            "OBJ_11",
            "OBJ_13",
            "OBJ_15",
            "OBJ_18",
            "OBJ_23",
            "OBJ_25",
            "OBJ_28",
            "OBJ_35",
            "OBJ_37",
            "OBJ_39",
            "OBJ_41",
            "OBJ_66",
            "OBJ_199",
            "OBJ_204",
            "OBJ_207",
            "OBJ_226"
         );
         name = "PublisherKit";
         path = "Sources/PublisherKit";
         sourceTree = "SOURCE_ROOT";
      };
      "OBJ_80" = {
         isa = "PBXFileReference";
         path = "Combine Latest.swift";
         sourceTree = "<group>";
      };
      "OBJ_81" = {
         isa = "PBXGroup";
         children = (
            "OBJ_82",
            "OBJ_83"
         );
         name = "Compact Map";
         path = "Compact Map";
         sourceTree = "<group>";
      };
      "OBJ_82" = {
         isa = "PBXFileReference";
         path = "Compact Map.swift";
         sourceTree = "<group>";
      };
      "OBJ_83" = {
         isa = "PBXFileReference";
         path = "Try Compact Map.swift";
         sourceTree = "<group>";
      };
      "OBJ_84" = {
         isa = "PBXGroup";
         children = (
            "OBJ_85"
         );
         name = "Contains";
         path = "Contains";
         sourceTree = "<group>";
      };
      "OBJ_85" = {
         isa = "PBXFileReference";
         path = "Contains.swift";
         sourceTree = "<group>";
      };
      "OBJ_86" = {
         isa = "PBXGroup";
         children = (
            "OBJ_87"
         );
         name = "Count";
         path = "Count";
         sourceTree = "<group>";
      };
      "OBJ_87" = {
         isa = "PBXFileReference";
         path = "Count.swift";
         sourceTree = "<group>";
      };
      "OBJ_88" = {
         isa = "PBXGroup";
         children = (
            "OBJ_89"
         );
         name = "Debounce";
         path = "Debounce";
         sourceTree = "<group>";
      };
      "OBJ_89" = {
         isa = "PBXFileReference";
         path = "Debounce.swift";
         sourceTree = "<group>";
      };
      "OBJ_9" = {
         isa = "PBXGroup";
         children = (
            "OBJ_10"
         );
         name = "Abstract Combine Latest";
         path = "Abstract Combine Latest";
         sourceTree = "<group>";
      };
      "OBJ_90" = {
         isa = "PBXGroup";
         children = (
            "OBJ_91"
         );
         name = "Decode";
         path = "Decode";
         sourceTree = "<group>";
      };
      "OBJ_91" = {
         isa = "PBXFileReference";
         path = "Decode.swift";
         sourceTree = "<group>";
      };
      "OBJ_92" = {
         isa = "PBXGroup";
         children = (
            "OBJ_93"
         );
         name = "Deferred";
         path = "Deferred";
         sourceTree = "<group>";
      };
      "OBJ_93" = {
         isa = "PBXFileReference";
         path = "Deferred.swift";
         sourceTree = "<group>";
      };
      "OBJ_94" = {
         isa = "PBXGroup";
         children = (
            "OBJ_95"
         );
         name = "Delay";
         path = "Delay";
         sourceTree = "<group>";
      };
      "OBJ_95" = {
         isa = "PBXFileReference";
         path = "Delay.swift";
         sourceTree = "<group>";
      };
      "OBJ_96" = {
         isa = "PBXGroup";
         children = (
            "OBJ_97",
            "OBJ_98"
         );
         name = "Drop While";
         path = "Drop While";
         sourceTree = "<group>";
      };
      "OBJ_97" = {
         isa = "PBXFileReference";
         path = "Drop While.swift";
         sourceTree = "<group>";
      };
      "OBJ_98" = {
         isa = "PBXFileReference";
         path = "Try Drop While.swift";
         sourceTree = "<group>";
      };
      "OBJ_99" = {
         isa = "PBXGroup";
         children = (
            "OBJ_100"
         );
         name = "Drop";
         path = "Drop";
         sourceTree = "<group>";
      };
      "PublisherKit::PublisherKit" = {
         isa = "PBXNativeTarget";
         buildConfigurationList = "OBJ_249";
         buildPhases = (
            "OBJ_252",
            "OBJ_383"
         );
         dependencies = (
            "OBJ_385"
         );
         name = "PublisherKit";
         productName = "PublisherKit";
         productReference = "PublisherKit::PublisherKit::Product";
         productType = "com.apple.product-type.framework";
      };
      "PublisherKit::PublisherKit::Product" = {
         isa = "PBXFileReference";
         path = "PublisherKit.framework";
         sourceTree = "BUILT_PRODUCTS_DIR";
      };
      "PublisherKit::PublisherKitHelpers" = {
         isa = "PBXNativeTarget";
         buildConfigurationList = "OBJ_387";
         buildPhases = (
            "OBJ_390",
            "OBJ_392",
            "OBJ_394"
         );
         dependencies = (
         );
         name = "PublisherKitHelpers";
         productName = "PublisherKitHelpers";
         productReference = "PublisherKit::PublisherKitHelpers::Product";
         productType = "com.apple.product-type.framework";
      };
      "PublisherKit::PublisherKitHelpers::Product" = {
         isa = "PBXFileReference";
         path = "PublisherKitHelpers.framework";
         sourceTree = "BUILT_PRODUCTS_DIR";
      };
      "PublisherKit::PublisherKitPackageTests::ProductTarget" = {
         isa = "PBXAggregateTarget";
         buildConfigurationList = "OBJ_402";
         buildPhases = (
         );
         dependencies = (
            "OBJ_405"
         );
         name = "PublisherKitPackageTests";
         productName = "PublisherKitPackageTests";
      };
      "PublisherKit::PublisherKitTests" = {
         isa = "PBXNativeTarget";
         buildConfigurationList = "OBJ_407";
         buildPhases = (
            "OBJ_410",
            "OBJ_414"
         );
         dependencies = (
            "OBJ_417",
            "OBJ_418"
         );
         name = "PublisherKitTests";
         productName = "PublisherKitTests";
         productReference = "PublisherKit::PublisherKitTests::Product";
         productType = "com.apple.product-type.bundle.unit-test";
      };
      "PublisherKit::PublisherKitTests::Product" = {
         isa = "PBXFileReference";
         path = "PublisherKitTests.xctest";
         sourceTree = "BUILT_PRODUCTS_DIR";
      };
      "PublisherKit::SwiftPMPackageDescription" = {
         isa = "PBXNativeTarget";
         buildConfigurationList = "OBJ_396";
         buildPhases = (
            "OBJ_399"
         );
         dependencies = (
         );
         name = "PublisherKitPackageDescription";
         productName = "PublisherKitPackageDescription";
         productType = "com.apple.product-type.framework";
      };
   };
   rootObject = "OBJ_1";
}
